// !$*UTF8*$!
{
	archiveVersion = 1;
	classes = {
	};
	objectVersion = 48;
	objects = {

/* Begin PBXBuildFile section */
		4B304BAE200639AB00353073 /* AppDelegate.swift in Sources */ = {isa = PBXBuildFile; fileRef = 4B304BAD200639AB00353073 /* AppDelegate.swift */; };
		4B304BB0200639AB00353073 /* ViewController.swift in Sources */ = {isa = PBXBuildFile; fileRef = 4B304BAF200639AB00353073 /* ViewController.swift */; };
		4B304BB3200639AB00353073 /* Main.storyboard in Resources */ = {isa = PBXBuildFile; fileRef = 4B304BB1200639AB00353073 /* Main.storyboard */; };
		4B304BB5200639AB00353073 /* Assets.xcassets in Resources */ = {isa = PBXBuildFile; fileRef = 4B304BB4200639AB00353073 /* Assets.xcassets */; };
		4B304BB8200639AB00353073 /* LaunchScreen.storyboard in Resources */ = {isa = PBXBuildFile; fileRef = 4B304BB6200639AB00353073 /* LaunchScreen.storyboard */; };
		4B304BC3200639AB00353073 /* QATestAppTests.swift in Sources */ = {isa = PBXBuildFile; fileRef = 4B304BC2200639AB00353073 /* QATestAppTests.swift */; };
		4B304BCE200639AB00353073 /* QATestAppUITests.swift in Sources */ = {isa = PBXBuildFile; fileRef = 4B304BCD200639AB00353073 /* QATestAppUITests.swift */; };
/* End PBXBuildFile section */

/* Begin PBXContainerItemProxy section */
		4B304BBF200639AB00353073 /* PBXContainerItemProxy */ = {
			isa = PBXContainerItemProxy;
			containerPortal = 4B304BA2200639AB00353073 /* Project object */;
			proxyType = 1;
			remoteGlobalIDString = 4B304BA9200639AB00353073;
			remoteInfo = QATestApp;
		};
		4B304BCA200639AB00353073 /* PBXContainerItemProxy */ = {
			isa = PBXContainerItemProxy;
			containerPortal = 4B304BA2200639AB00353073 /* Project object */;
			proxyType = 1;
			remoteGlobalIDString = 4B304BA9200639AB00353073;
			remoteInfo = QATestApp;
		};
/* End PBXContainerItemProxy section */

/* Begin PBXFileReference section */
		4B304BAA200639AB00353073 /* QATestApp.app */ = {isa = PBXFileReference; explicitFileType = wrapper.application; includeInIndex = 0; path = QATestApp.app; sourceTree = BUILT_PRODUCTS_DIR; };
		4B304BAD200639AB00353073 /* AppDelegate.swift */ = {isa = PBXFileReference; lastKnownFileType = sourcecode.swift; path = AppDelegate.swift; sourceTree = "<group>"; };
		4B304BAF200639AB00353073 /* ViewController.swift */ = {isa = PBXFileReference; lastKnownFileType = sourcecode.swift; path = ViewController.swift; sourceTree = "<group>"; };
		4B304BB2200639AB00353073 /* Base */ = {isa = PBXFileReference; lastKnownFileType = file.storyboard; name = Base; path = Base.lproj/Main.storyboard; sourceTree = "<group>"; };
		4B304BB4200639AB00353073 /* Assets.xcassets */ = {isa = PBXFileReference; lastKnownFileType = folder.assetcatalog; path = Assets.xcassets; sourceTree = "<group>"; };
		4B304BB7200639AB00353073 /* Base */ = {isa = PBXFileReference; lastKnownFileType = file.storyboard; name = Base; path = Base.lproj/LaunchScreen.storyboard; sourceTree = "<group>"; };
		4B304BB9200639AB00353073 /* Info.plist */ = {isa = PBXFileReference; lastKnownFileType = text.plist.xml; path = Info.plist; sourceTree = "<group>"; };
		4B304BBE200639AB00353073 /* QATestAppTests.xctest */ = {isa = PBXFileReference; explicitFileType = wrapper.cfbundle; includeInIndex = 0; path = QATestAppTests.xctest; sourceTree = BUILT_PRODUCTS_DIR; };
		4B304BC2200639AB00353073 /* QATestAppTests.swift */ = {isa = PBXFileReference; lastKnownFileType = sourcecode.swift; path = QATestAppTests.swift; sourceTree = "<group>"; };
		4B304BC4200639AB00353073 /* Info.plist */ = {isa = PBXFileReference; lastKnownFileType = text.plist.xml; path = Info.plist; sourceTree = "<group>"; };
		4B304BC9200639AB00353073 /* QATestAppUITests.xctest */ = {isa = PBXFileReference; explicitFileType = wrapper.cfbundle; includeInIndex = 0; path = QATestAppUITests.xctest; sourceTree = BUILT_PRODUCTS_DIR; };
		4B304BCD200639AB00353073 /* QATestAppUITests.swift */ = {isa = PBXFileReference; lastKnownFileType = sourcecode.swift; path = QATestAppUITests.swift; sourceTree = "<group>"; };
		4B304BCF200639AB00353073 /* Info.plist */ = {isa = PBXFileReference; lastKnownFileType = text.plist.xml; path = Info.plist; sourceTree = "<group>"; };
/* End PBXFileReference section */

/* Begin PBXFrameworksBuildPhase section */
		4B304BA7200639AB00353073 /* Frameworks */ = {
			isa = PBXFrameworksBuildPhase;
			buildActionMask = 2147483647;
			files = (
			);
			runOnlyForDeploymentPostprocessing = 0;
		};
		4B304BBB200639AB00353073 /* Frameworks */ = {
			isa = PBXFrameworksBuildPhase;
			buildActionMask = 2147483647;
			files = (
			);
			runOnlyForDeploymentPostprocessing = 0;
		};
		4B304BC6200639AB00353073 /* Frameworks */ = {
			isa = PBXFrameworksBuildPhase;
			buildActionMask = 2147483647;
			files = (
			);
			runOnlyForDeploymentPostprocessing = 0;
		};
/* End PBXFrameworksBuildPhase section */

/* Begin PBXGroup section */
		4B304BA1200639AB00353073 = {
			isa = PBXGroup;
			children = (
				4B304BAC200639AB00353073 /* QATestApp */,
				4B304BC1200639AB00353073 /* QATestAppTests */,
				4B304BCC200639AB00353073 /* QATestAppUITests */,
				4B304BAB200639AB00353073 /* Products */,
			);
			sourceTree = "<group>";
		};
		4B304BAB200639AB00353073 /* Products */ = {
			isa = PBXGroup;
			children = (
				4B304BAA200639AB00353073 /* QATestApp.app */,
				4B304BBE200639AB00353073 /* QATestAppTests.xctest */,
				4B304BC9200639AB00353073 /* QATestAppUITests.xctest */,
			);
			name = Products;
			sourceTree = "<group>";
		};
		4B304BAC200639AB00353073 /* QATestApp */ = {
			isa = PBXGroup;
			children = (
				4B304BAD200639AB00353073 /* AppDelegate.swift */,
				4B304BAF200639AB00353073 /* ViewController.swift */,
				4B304BB1200639AB00353073 /* Main.storyboard */,
				4B304BB4200639AB00353073 /* Assets.xcassets */,
				4B304BB6200639AB00353073 /* LaunchScreen.storyboard */,
				4B304BB9200639AB00353073 /* Info.plist */,
			);
			path = QATestApp;
			sourceTree = "<group>";
		};
		4B304BC1200639AB00353073 /* QATestAppTests */ = {
			isa = PBXGroup;
			children = (
				4B304BC2200639AB00353073 /* QATestAppTests.swift */,
				4B304BC4200639AB00353073 /* Info.plist */,
			);
			path = QATestAppTests;
			sourceTree = "<group>";
		};
		4B304BCC200639AB00353073 /* QATestAppUITests */ = {
			isa = PBXGroup;
			children = (
				4B304BCD200639AB00353073 /* QATestAppUITests.swift */,
				4B304BCF200639AB00353073 /* Info.plist */,
			);
			path = QATestAppUITests;
			sourceTree = "<group>";
		};
/* End PBXGroup section */

/* Begin PBXNativeTarget section */
		4B304BA9200639AB00353073 /* QATestApp */ = {
			isa = PBXNativeTarget;
			buildConfigurationList = 4B304BD2200639AB00353073 /* Build configuration list for PBXNativeTarget "QATestApp" */;
			buildPhases = (
				4B304BA6200639AB00353073 /* Sources */,
				4B304BA7200639AB00353073 /* Frameworks */,
				4B304BA8200639AB00353073 /* Resources */,
			);
			buildRules = (
			);
			dependencies = (
			);
			name = QATestApp;
			productName = QATestApp;
			productReference = 4B304BAA200639AB00353073 /* QATestApp.app */;
			productType = "com.apple.product-type.application";
		};
		4B304BBD200639AB00353073 /* QATestAppTests */ = {
			isa = PBXNativeTarget;
			buildConfigurationList = 4B304BD5200639AB00353073 /* Build configuration list for PBXNativeTarget "QATestAppTests" */;
			buildPhases = (
				4B304BBA200639AB00353073 /* Sources */,
				4B304BBB200639AB00353073 /* Frameworks */,
				4B304BBC200639AB00353073 /* Resources */,
			);
			buildRules = (
			);
			dependencies = (
				4B304BC0200639AB00353073 /* PBXTargetDependency */,
			);
			name = QATestAppTests;
			productName = QATestAppTests;
			productReference = 4B304BBE200639AB00353073 /* QATestAppTests.xctest */;
			productType = "com.apple.product-type.bundle.unit-test";
		};
		4B304BC8200639AB00353073 /* QATestAppUITests */ = {
			isa = PBXNativeTarget;
			buildConfigurationList = 4B304BD8200639AB00353073 /* Build configuration list for PBXNativeTarget "QATestAppUITests" */;
			buildPhases = (
				4B304BC5200639AB00353073 /* Sources */,
				4B304BC6200639AB00353073 /* Frameworks */,
				4B304BC7200639AB00353073 /* Resources */,
			);
			buildRules = (
			);
			dependencies = (
				4B304BCB200639AB00353073 /* PBXTargetDependency */,
			);
			name = QATestAppUITests;
			productName = QATestAppUITests;
			productReference = 4B304BC9200639AB00353073 /* QATestAppUITests.xctest */;
			productType = "com.apple.product-type.bundle.ui-testing";
		};
/* End PBXNativeTarget section */

/* Begin PBXProject section */
		4B304BA2200639AB00353073 /* Project object */ = {
			isa = PBXProject;
			attributes = {
				LastSwiftUpdateCheck = 0920;
				LastUpgradeCheck = 0920;
				ORGANIZATIONNAME = "Gert Andreas";
				TargetAttributes = {
					4B304BA9200639AB00353073 = {
						CreatedOnToolsVersion = 9.2;
						ProvisioningStyle = Automatic;
					};
					4B304BBD200639AB00353073 = {
						CreatedOnToolsVersion = 9.2;
						ProvisioningStyle = Automatic;
						TestTargetID = 4B304BA9200639AB00353073;
					};
					4B304BC8200639AB00353073 = {
						CreatedOnToolsVersion = 9.2;
						ProvisioningStyle = Automatic;
						TestTargetID = 4B304BA9200639AB00353073;
					};
				};
			};
			buildConfigurationList = 4B304BA5200639AB00353073 /* Build configuration list for PBXProject "QATestApp" */;
			compatibilityVersion = "Xcode 8.0";
			developmentRegion = en;
			hasScannedForEncodings = 0;
			knownRegions = (
				en,
				Base,
			);
			mainGroup = 4B304BA1200639AB00353073;
			productRefGroup = 4B304BAB200639AB00353073 /* Products */;
			projectDirPath = "";
			projectRoot = "";
			targets = (
				4B304BA9200639AB00353073 /* QATestApp */,
				4B304BBD200639AB00353073 /* QATestAppTests */,
				4B304BC8200639AB00353073 /* QATestAppUITests */,
			);
		};
/* End PBXProject section */

/* Begin PBXResourcesBuildPhase section */
		4B304BA8200639AB00353073 /* Resources */ = {
			isa = PBXResourcesBuildPhase;
			buildActionMask = 2147483647;
			files = (
				4B304BB8200639AB00353073 /* LaunchScreen.storyboard in Resources */,
				4B304BB5200639AB00353073 /* Assets.xcassets in Resources */,
				4B304BB3200639AB00353073 /* Main.storyboard in Resources */,
			);
			runOnlyForDeploymentPostprocessing = 0;
		};
		4B304BBC200639AB00353073 /* Resources */ = {
			isa = PBXResourcesBuildPhase;
			buildActionMask = 2147483647;
			files = (
			);
			runOnlyForDeploymentPostprocessing = 0;
		};
		4B304BC7200639AB00353073 /* Resources */ = {
			isa = PBXResourcesBuildPhase;
			buildActionMask = 2147483647;
			files = (
			);
			runOnlyForDeploymentPostprocessing = 0;
		};
/* End PBXResourcesBuildPhase section */

/* Begin PBXSourcesBuildPhase section */
		4B304BA6200639AB00353073 /* Sources */ = {
			isa = PBXSourcesBuildPhase;
			buildActionMask = 2147483647;
			files = (
				4B304BB0200639AB00353073 /* ViewController.swift in Sources */,
				4B304BAE200639AB00353073 /* AppDelegate.swift in Sources */,
			);
			runOnlyForDeploymentPostprocessing = 0;
		};
		4B304BBA200639AB00353073 /* Sources */ = {
			isa = PBXSourcesBuildPhase;
			buildActionMask = 2147483647;
			files = (
				4B304BC3200639AB00353073 /* QATestAppTests.swift in Sources */,
			);
			runOnlyForDeploymentPostprocessing = 0;
		};
		4B304BC5200639AB00353073 /* Sources */ = {
			isa = PBXSourcesBuildPhase;
			buildActionMask = 2147483647;
			files = (
				4B304BCE200639AB00353073 /* QATestAppUITests.swift in Sources */,
			);
			runOnlyForDeploymentPostprocessing = 0;
		};
/* End PBXSourcesBuildPhase section */

/* Begin PBXTargetDependency section */
		4B304BC0200639AB00353073 /* PBXTargetDependency */ = {
			isa = PBXTargetDependency;
			target = 4B304BA9200639AB00353073 /* QATestApp */;
			targetProxy = 4B304BBF200639AB00353073 /* PBXContainerItemProxy */;
		};
		4B304BCB200639AB00353073 /* PBXTargetDependency */ = {
			isa = PBXTargetDependency;
			target = 4B304BA9200639AB00353073 /* QATestApp */;
			targetProxy = 4B304BCA200639AB00353073 /* PBXContainerItemProxy */;
		};
/* End PBXTargetDependency section */

/* Begin PBXVariantGroup section */
		4B304BB1200639AB00353073 /* Main.storyboard */ = {
			isa = PBXVariantGroup;
			children = (
				4B304BB2200639AB00353073 /* Base */,
			);
			name = Main.storyboard;
			sourceTree = "<group>";
		};
		4B304BB6200639AB00353073 /* LaunchScreen.storyboard */ = {
			isa = PBXVariantGroup;
			children = (
				4B304BB7200639AB00353073 /* Base */,
			);
			name = LaunchScreen.storyboard;
			sourceTree = "<group>";
		};
/* End PBXVariantGroup section */

/* Begin XCBuildConfiguration section */
		4B304BD0200639AB00353073 /* Debug */ = {
			isa = XCBuildConfiguration;
			buildSettings = {
				ALWAYS_SEARCH_USER_PATHS = NO;
				CLANG_ANALYZER_NONNULL = YES;
				CLANG_ANALYZER_NUMBER_OBJECT_CONVERSION = YES_AGGRESSIVE;
				CLANG_CXX_LANGUAGE_STANDARD = "gnu++14";
				CLANG_CXX_LIBRARY = "libc++";
				CLANG_ENABLE_MODULES = YES;
				CLANG_ENABLE_OBJC_ARC = YES;
				CLANG_WARN_BLOCK_CAPTURE_AUTORELEASING = YES;
				CLANG_WARN_BOOL_CONVERSION = YES;
				CLANG_WARN_COMMA = YES;
				CLANG_WARN_CONSTANT_CONVERSION = YES;
				CLANG_WARN_DIRECT_OBJC_ISA_USAGE = YES_ERROR;
				CLANG_WARN_DOCUMENTATION_COMMENTS = YES;
				CLANG_WARN_EMPTY_BODY = YES;
				CLANG_WARN_ENUM_CONVERSION = YES;
				CLANG_WARN_INFINITE_RECURSION = YES;
				CLANG_WARN_INT_CONVERSION = YES;
				CLANG_WARN_NON_LITERAL_NULL_CONVERSION = YES;
				CLANG_WARN_OBJC_LITERAL_CONVERSION = YES;
				CLANG_WARN_OBJC_ROOT_CLASS = YES_ERROR;
				CLANG_WARN_RANGE_LOOP_ANALYSIS = YES;
				CLANG_WARN_STRICT_PROTOTYPES = YES;
				CLANG_WARN_SUSPICIOUS_MOVE = YES;
				CLANG_WARN_UNGUARDED_AVAILABILITY = YES_AGGRESSIVE;
				CLANG_WARN_UNREACHABLE_CODE = YES;
				CLANG_WARN__DUPLICATE_METHOD_MATCH = YES;
				CODE_SIGN_IDENTITY = "iPhone Developer";
				COPY_PHASE_STRIP = NO;
				DEBUG_INFORMATION_FORMAT = dwarf;
				ENABLE_STRICT_OBJC_MSGSEND = YES;
				ENABLE_TESTABILITY = YES;
				GCC_C_LANGUAGE_STANDARD = gnu11;
				GCC_DYNAMIC_NO_PIC = NO;
				GCC_NO_COMMON_BLOCKS = YES;
				GCC_OPTIMIZATION_LEVEL = 0;
				GCC_PREPROCESSOR_DEFINITIONS = (
					"DEBUG=1",
					"$(inherited)",
				);
				GCC_WARN_64_TO_32_BIT_CONVERSION = YES;
				GCC_WARN_ABOUT_RETURN_TYPE = YES_ERROR;
				GCC_WARN_UNDECLARED_SELECTOR = YES;
				GCC_WARN_UNINITIALIZED_AUTOS = YES_AGGRESSIVE;
				GCC_WARN_UNUSED_FUNCTION = YES;
				GCC_WARN_UNUSED_VARIABLE = YES;
				IPHONEOS_DEPLOYMENT_TARGET = 11.2;
				MTL_ENABLE_DEBUG_INFO = YES;
				ONLY_ACTIVE_ARCH = YES;
				SDKROOT = iphoneos;
				SWIFT_ACTIVE_COMPILATION_CONDITIONS = DEBUG;
				SWIFT_OPTIMIZATION_LEVEL = "-Onone";
			};
			name = Debug;
		};
		4B304BD1200639AB00353073 /* Release */ = {
			isa = XCBuildConfiguration;
			buildSettings = {
				ALWAYS_SEARCH_USER_PATHS = NO;
				CLANG_ANALYZER_NONNULL = YES;
				CLANG_ANALYZER_NUMBER_OBJECT_CONVERSION = YES_AGGRESSIVE;
				CLANG_CXX_LANGUAGE_STANDARD = "gnu++14";
				CLANG_CXX_LIBRARY = "libc++";
				CLANG_ENABLE_MODULES = YES;
				CLANG_ENABLE_OBJC_ARC = YES;
				CLANG_WARN_BLOCK_CAPTURE_AUTORELEASING = YES;
				CLANG_WARN_BOOL_CONVERSION = YES;
				CLANG_WARN_COMMA = YES;
				CLANG_WARN_CONSTANT_CONVERSION = YES;
				CLANG_WARN_DIRECT_OBJC_ISA_USAGE = YES_ERROR;
				CLANG_WARN_DOCUMENTATION_COMMENTS = YES;
				CLANG_WARN_EMPTY_BODY = YES;
				CLANG_WARN_ENUM_CONVERSION = YES;
				CLANG_WARN_INFINITE_RECURSION = YES;
				CLANG_WARN_INT_CONVERSION = YES;
				CLANG_WARN_NON_LITERAL_NULL_CONVERSION = YES;
				CLANG_WARN_OBJC_LITERAL_CONVERSION = YES;
				CLANG_WARN_OBJC_ROOT_CLASS = YES_ERROR;
				CLANG_WARN_RANGE_LOOP_ANALYSIS = YES;
				CLANG_WARN_STRICT_PROTOTYPES = YES;
				CLANG_WARN_SUSPICIOUS_MOVE = YES;
				CLANG_WARN_UNGUARDED_AVAILABILITY = YES_AGGRESSIVE;
				CLANG_WARN_UNREACHABLE_CODE = YES;
				CLANG_WARN__DUPLICATE_METHOD_MATCH = YES;
				CODE_SIGN_IDENTITY = "iPhone Developer";
				COPY_PHASE_STRIP = NO;
				DEBUG_INFORMATION_FORMAT = "dwarf-with-dsym";
				ENABLE_NS_ASSERTIONS = NO;
				ENABLE_STRICT_OBJC_MSGSEND = YES;
				GCC_C_LANGUAGE_STANDARD = gnu11;
				GCC_NO_COMMON_BLOCKS = YES;
				GCC_WARN_64_TO_32_BIT_CONVERSION = YES;
				GCC_WARN_ABOUT_RETURN_TYPE = YES_ERROR;
				GCC_WARN_UNDECLARED_SELECTOR = YES;
				GCC_WARN_UNINITIALIZED_AUTOS = YES_AGGRESSIVE;
				GCC_WARN_UNUSED_FUNCTION = YES;
				GCC_WARN_UNUSED_VARIABLE = YES;
				IPHONEOS_DEPLOYMENT_TARGET = 11.2;
				MTL_ENABLE_DEBUG_INFO = NO;
				SDKROOT = iphoneos;
				SWIFT_OPTIMIZATION_LEVEL = "-Owholemodule";
				VALIDATE_PRODUCT = YES;
			};
			name = Release;
		};
		4B304BD3200639AB00353073 /* Debug */ = {
			isa = XCBuildConfiguration;
			buildSettings = {
				ASSETCATALOG_COMPILER_APPICON_NAME = AppIcon;
				CODE_SIGN_STYLE = Automatic;
				INFOPLIST_FILE = QATestApp/Info.plist;
				LD_RUNPATH_SEARCH_PATHS = "$(inherited) @executable_path/Frameworks";
				PRODUCT_BUNDLE_IDENTIFIER = com.hubrick.QATestApp;
				PRODUCT_NAME = "$(TARGET_NAME)";
				SWIFT_VERSION = 4.0;
				TARGETED_DEVICE_FAMILY = "1,2";
			};
			name = Debug;
		};
		4B304BD4200639AB00353073 /* Release */ = {
			isa = XCBuildConfiguration;
			buildSettings = {
				ASSETCATALOG_COMPILER_APPICON_NAME = AppIcon;
				CODE_SIGN_STYLE = Automatic;
				INFOPLIST_FILE = QATestApp/Info.plist;
				LD_RUNPATH_SEARCH_PATHS = "$(inherited) @executable_path/Frameworks";
				PRODUCT_BUNDLE_IDENTIFIER = com.hubrick.QATestApp;
				PRODUCT_NAME = "$(TARGET_NAME)";
				SWIFT_VERSION = 4.0;
				TARGETED_DEVICE_FAMILY = "1,2";
			};
			name = Release;
		};
		4B304BD6200639AB00353073 /* Debug */ = {
			isa = XCBuildConfiguration;
			buildSettings = {
				ALWAYS_EMBED_SWIFT_STANDARD_LIBRARIES = YES;
				BUNDLE_LOADER = "$(TEST_HOST)";
				CODE_SIGN_STYLE = Automatic;
				INFOPLIST_FILE = QATestAppTests/Info.plist;
				LD_RUNPATH_SEARCH_PATHS = "$(inherited) @executable_path/Frameworks @loader_path/Frameworks";
				PRODUCT_BUNDLE_IDENTIFIER = com.hubrick.QATestAppTests;
				PRODUCT_NAME = "$(TARGET_NAME)";
				SWIFT_VERSION = 4.0;
				TARGETED_DEVICE_FAMILY = "1,2";
				TEST_HOST = "$(BUILT_PRODUCTS_DIR)/QATestApp.app/QATestApp";
			};
			name = Debug;
		};
		4B304BD7200639AB00353073 /* Release */ = {
			isa = XCBuildConfiguration;
			buildSettings = {
				ALWAYS_EMBED_SWIFT_STANDARD_LIBRARIES = YES;
				BUNDLE_LOADER = "$(TEST_HOST)";
				CODE_SIGN_STYLE = Automatic;
				INFOPLIST_FILE = QATestAppTests/Info.plist;
				LD_RUNPATH_SEARCH_PATHS = "$(inherited) @executable_path/Frameworks @loader_path/Frameworks";
				PRODUCT_BUNDLE_IDENTIFIER = com.hubrick.QATestAppTests;
				PRODUCT_NAME = "$(TARGET_NAME)";
				SWIFT_VERSION = 4.0;
				TARGETED_DEVICE_FAMILY = "1,2";
				TEST_HOST = "$(BUILT_PRODUCTS_DIR)/QATestApp.app/QATestApp";
			};
			name = Release;
		};
		4B304BD9200639AB00353073 /* Debug */ = {
			isa = XCBuildConfiguration;
			buildSettings = {
				ALWAYS_EMBED_SWIFT_STANDARD_LIBRARIES = YES;
				CODE_SIGN_STYLE = Automatic;
				INFOPLIST_FILE = QATestAppUITests/Info.plist;
				LD_RUNPATH_SEARCH_PATHS = "$(inherited) @executable_path/Frameworks @loader_path/Frameworks";
				PRODUCT_BUNDLE_IDENTIFIER = com.hubrick.QATestAppUITests;
				PRODUCT_NAME = "$(TARGET_NAME)";
				SWIFT_VERSION = 4.0;
				TARGETED_DEVICE_FAMILY = "1,2";
				TEST_TARGET_NAME = QATestApp;
			};
			name = Debug;
		};
		4B304BDA200639AB00353073 /* Release */ = {
			isa = XCBuildConfiguration;
			buildSettings = {
				ALWAYS_EMBED_SWIFT_STANDARD_LIBRARIES = YES;
				CODE_SIGN_STYLE = Automatic;
				INFOPLIST_FILE = QATestAppUITests/Info.plist;
				LD_RUNPATH_SEARCH_PATHS = "$(inherited) @executable_path/Frameworks @loader_path/Frameworks";
				PRODUCT_BUNDLE_IDENTIFIER = com.hubrick.QATestAppUITests;
				PRODUCT_NAME = "$(TARGET_NAME)";
				SWIFT_VERSION = 4.0;
				TARGETED_DEVICE_FAMILY = "1,2";
				TEST_TARGET_NAME = QATestApp;
			};
			name = Release;
		};
/* End XCBuildConfiguration section */

/* Begin XCConfigurationList section */
		4B304BA5200639AB00353073 /* Build configuration list for PBXProject "QATestApp" */ = {
			isa = XCConfigurationList;
			buildConfigurations = (
				4B304BD0200639AB00353073 /* Debug */,
				4B304BD1200639AB00353073 /* Release */,
			);
			defaultConfigurationIsVisible = 0;
			defaultConfigurationName = Release;
		};
		4B304BD2200639AB00353073 /* Build configuration list for PBXNativeTarget "QATestApp" */ = {
			isa = XCConfigurationList;
			buildConfigurations = (
				4B304BD3200639AB00353073 /* Debug */,
				4B304BD4200639AB00353073 /* Release */,
			);
			defaultConfigurationIsVisible = 0;
			defaultConfigurationName = Release;
		};
		4B304BD5200639AB00353073 /* Build configuration list for PBXNativeTarget "QATestAppTests" */ = {
			isa = XCConfigurationList;
			buildConfigurations = (
				4B304BD6200639AB00353073 /* Debug */,
				4B304BD7200639AB00353073 /* Release */,
			);
			defaultConfigurationIsVisible = 0;
			defaultConfigurationName = Release;
		};
		4B304BD8200639AB00353073 /* Build configuration list for PBXNativeTarget "QATestAppUITests" */ = {
			isa = XCConfigurationList;
			buildConfigurations = (
				4B304BD9200639AB00353073 /* Debug */,
				4B304BDA200639AB00353073 /* Release */,
			);
			defaultConfigurationIsVisible = 0;
			defaultConfigurationName = Release;
		};
/* End XCConfigurationList section */
	};
	rootObject = 4B304BA2200639AB00353073 /* Project object */;
}
